
Microsoft Visual Studio Solution File, Format Version 12.00
Project("{FAE04EC0-301F-11D3-BF4B-00C04F79EFBC}") = "Battleships", "Battleships\Battleships.csproj", "{1FE96FED-A836-4EC2-AE75-B0BAFE1DC63F}"
EndProject
Project("{FAE04EC0-301F-11D3-BF4B-00C04F79EFBC}") = "Battleships.Tests", "Battleships.Tests\Battleships.Tests.csproj", "{355A3020-3D58-4C63-957E-567D5EDE91CF}"
EndProject
Global
	GlobalSection(SolutionConfigurationPlatforms) = preSolution
		Debug|Any CPU = Debug|Any CPU
		Release|Any CPU = Release|Any CPU
	EndGlobalSection
	GlobalSection(ProjectConfigurationPlatforms) = postSolution
		{1FE96FED-A836-4EC2-AE75-B0BAFE1DC63F}.Debug|Any CPU.ActiveCfg = Debug|Any CPU
		{1FE96FED-A836-4EC2-AE75-B0BAFE1DC63F}.Debug|Any CPU.Build.0 = Debug|Any CPU
		{1FE96FED-A836-4EC2-AE75-B0BAFE1DC63F}.Release|Any CPU.ActiveCfg = Release|Any CPU
		{1FE96FED-A836-4EC2-AE75-B0BAFE1DC63F}.Release|Any CPU.Build.0 = Release|Any CPU
		{355A3020-3D58-4C63-957E-567D5EDE91CF}.Debug|Any CPU.ActiveCfg = Debug|Any CPU
		{355A3020-3D58-4C63-957E-567D5EDE91CF}.Debug|Any CPU.Build.0 = Debug|Any CPU
		{355A3020-3D58-4C63-957E-567D5EDE91CF}.Release|Any CPU.ActiveCfg = Release|Any CPU
		{355A3020-3D58-4C63-957E-567D5EDE91CF}.Release|Any CPU.Build.0 = Release|Any CPU
	EndGlobalSection
EndGlobal
